
Microsoft Visual Studio Solution File, Format Version 12.00
# Visual Studio Version 17
VisualStudioVersion = 17.8.34330.188
MinimumVisualStudioVersion = 10.0.40219.1
Project("{FAE04EC0-301F-11D3-BF4B-00C04F79EFBC}") = "ApiCatalogoMinimalAPI", "ApiCatalogoMinimalAPI\ApiCatalogoMinimalAPI.csproj", "{F8D71C79-DA0C-4596-929A-215FF4590DF0}"
EndProject
Global
	GlobalSection(SolutionConfigurationPlatforms) = preSolution
		Debug|Any CPU = Debug|Any CPU
		Release|Any CPU = Release|Any CPU
	EndGlobalSection
	GlobalSection(ProjectConfigurationPlatforms) = postSolution
		{F8D71C79-DA0C-4596-929A-215FF4590DF0}.Debug|Any CPU.ActiveCfg = Debug|Any CPU
		{F8D71C79-DA0C-4596-929A-215FF4590DF0}.Debug|Any CPU.Build.0 = Debug|Any CPU
		{F8D71C79-DA0C-4596-929A-215FF4590DF0}.Release|Any CPU.ActiveCfg = Release|Any CPU
		{F8D71C79-DA0C-4596-929A-215FF4590DF0}.Release|Any CPU.Build.0 = Release|Any CPU
	EndGlobalSection
	GlobalSection(SolutionProperties) = preSolution
		HideSolutionNode = FALSE
	EndGlobalSection
	GlobalSection(ExtensibilityGlobals) = postSolution
		SolutionGuid = {C7515A36-9198-455A-A195-61E94019829C}
	EndGlobalSection
EndGlobal
